// !$*UTF8*$!
{
	archiveVersion = 1;
	classes = {
	};
	objectVersion = 48;
	objects = {

/* Begin PBXBuildFile section */
		9C6F95B920ACE8BE00FEAD68 /* OpenTokReactNative.m in Sources */ = {isa = PBXBuildFile; fileRef = 9C6F95B820ACE8BE00FEAD68 /* OpenTokReactNative.m */; };
		9C6F95BA20ACE8BE00FEAD68 /* OpenTokReactNative.h in CopyFiles */ = {isa = PBXBuildFile; fileRef = 9C6F95B720ACE8BE00FEAD68 /* OpenTokReactNative.h */; };
		9C6F95CD20ACE90E00FEAD68 /* OTSessionManager.m in Sources */ = {isa = PBXBuildFile; fileRef = 9C6F95C120ACE90D00FEAD68 /* OTSessionManager.m */; };
		9C6F95CE20ACE90E00FEAD68 /* OTSubscriberManager.swift in Sources */ = {isa = PBXBuildFile; fileRef = 9C6F95C220ACE90D00FEAD68 /* OTSubscriberManager.swift */; };
		9C6F95CF20ACE90E00FEAD68 /* OTPublisherView.swift in Sources */ = {isa = PBXBuildFile; fileRef = 9C6F95C320ACE90E00FEAD68 /* OTPublisherView.swift */; };
		9C6F95D020ACE90E00FEAD68 /* OTSubscriber.m in Sources */ = {isa = PBXBuildFile; fileRef = 9C6F95C420ACE90E00FEAD68 /* OTSubscriber.m */; };
		9C6F95D120ACE90E00FEAD68 /* OTPublisherManager.swift in Sources */ = {isa = PBXBuildFile; fileRef = 9C6F95C520ACE90E00FEAD68 /* OTPublisherManager.swift */; };
		9C6F95D220ACE90E00FEAD68 /* OTSessionManager.swift in Sources */ = {isa = PBXBuildFile; fileRef = 9C6F95C620ACE90E00FEAD68 /* OTSessionManager.swift */; };
		9C6F95D320ACE90E00FEAD68 /* OTSubscriberView.swift in Sources */ = {isa = PBXBuildFile; fileRef = 9C6F95C720ACE90E00FEAD68 /* OTSubscriberView.swift */; };
		9C6F95D420ACE90E00FEAD68 /* OTScreenCapturer.swift in Sources */ = {isa = PBXBuildFile; fileRef = 9C6F95C920ACE90E00FEAD68 /* OTScreenCapturer.swift */; };
		9C6F95D520ACE90E00FEAD68 /* OTRN.swift in Sources */ = {isa = PBXBuildFile; fileRef = 9C6F95CB20ACE90E00FEAD68 /* OTRN.swift */; };
		9C6F95D620ACE90E00FEAD68 /* OTPublisher.m in Sources */ = {isa = PBXBuildFile; fileRef = 9C6F95CC20ACE90E00FEAD68 /* OTPublisher.m */; };
		9C86849D218E2B5A004679BA /* EventUtils.swift in Sources */ = {isa = PBXBuildFile; fileRef = 9C86849C218E2B5A004679BA /* EventUtils.swift */; };
		9C86850F218E3433004679BA /* Utils.swift in Sources */ = {isa = PBXBuildFile; fileRef = 9C86850E218E3433004679BA /* Utils.swift */; };
/* End PBXBuildFile section */

/* Begin PBXCopyFilesBuildPhase section */
		9C6F95B220ACE8BE00FEAD68 /* CopyFiles */ = {
			isa = PBXCopyFilesBuildPhase;
			buildActionMask = 2147483647;
			dstPath = "include/$(PRODUCT_NAME)";
			dstSubfolderSpec = 16;
			files = (
				9C6F95BA20ACE8BE00FEAD68 /* OpenTokReactNative.h in CopyFiles */,
			);
			runOnlyForDeploymentPostprocessing = 0;
		};
/* End PBXCopyFilesBuildPhase section */

/* Begin PBXFileReference section */
		9C6F95B420ACE8BE00FEAD68 /* libOpenTokReactNative.a */ = {isa = PBXFileReference; explicitFileType = archive.ar; includeInIndex = 0; path = libOpenTokReactNative.a; sourceTree = BUILT_PRODUCTS_DIR; };
		9C6F95B720ACE8BE00FEAD68 /* OpenTokReactNative.h */ = {isa = PBXFileReference; lastKnownFileType = sourcecode.c.h; path = OpenTokReactNative.h; sourceTree = "<group>"; };
		9C6F95B820ACE8BE00FEAD68 /* OpenTokReactNative.m */ = {isa = PBXFileReference; lastKnownFileType = sourcecode.c.objc; path = OpenTokReactNative.m; sourceTree = "<group>"; };
		9C6F95C020ACE90D00FEAD68 /* OpenTokReactNative-Bridging-Header.h */ = {isa = PBXFileReference; lastKnownFileType = sourcecode.c.h; path = "OpenTokReactNative-Bridging-Header.h"; sourceTree = "<group>"; };
		9C6F95C120ACE90D00FEAD68 /* OTSessionManager.m */ = {isa = PBXFileReference; fileEncoding = 4; lastKnownFileType = sourcecode.c.objc; path = OTSessionManager.m; sourceTree = "<group>"; };
		9C6F95C220ACE90D00FEAD68 /* OTSubscriberManager.swift */ = {isa = PBXFileReference; fileEncoding = 4; lastKnownFileType = sourcecode.swift; path = OTSubscriberManager.swift; sourceTree = "<group>"; };
		9C6F95C320ACE90E00FEAD68 /* OTPublisherView.swift */ = {isa = PBXFileReference; fileEncoding = 4; lastKnownFileType = sourcecode.swift; path = OTPublisherView.swift; sourceTree = "<group>"; };
		9C6F95C420ACE90E00FEAD68 /* OTSubscriber.m */ = {isa = PBXFileReference; fileEncoding = 4; lastKnownFileType = sourcecode.c.objc; path = OTSubscriber.m; sourceTree = "<group>"; };
		9C6F95C520ACE90E00FEAD68 /* OTPublisherManager.swift */ = {isa = PBXFileReference; fileEncoding = 4; lastKnownFileType = sourcecode.swift; path = OTPublisherManager.swift; sourceTree = "<group>"; };
		9C6F95C620ACE90E00FEAD68 /* OTSessionManager.swift */ = {isa = PBXFileReference; fileEncoding = 4; lastKnownFileType = sourcecode.swift; path = OTSessionManager.swift; sourceTree = "<group>"; };
		9C6F95C720ACE90E00FEAD68 /* OTSubscriberView.swift */ = {isa = PBXFileReference; fileEncoding = 4; lastKnownFileType = sourcecode.swift; path = OTSubscriberView.swift; sourceTree = "<group>"; };
		9C6F95C820ACE90E00FEAD68 /* OTSubscriber.h */ = {isa = PBXFileReference; fileEncoding = 4; lastKnownFileType = sourcecode.c.h; path = OTSubscriber.h; sourceTree = "<group>"; };
		9C6F95C920ACE90E00FEAD68 /* OTScreenCapturer.swift */ = {isa = PBXFileReference; fileEncoding = 4; lastKnownFileType = sourcecode.swift; path = OTScreenCapturer.swift; sourceTree = "<group>"; };
		9C6F95CA20ACE90E00FEAD68 /* OTPublisher.h */ = {isa = PBXFileReference; fileEncoding = 4; lastKnownFileType = sourcecode.c.h; path = OTPublisher.h; sourceTree = "<group>"; };
		9C6F95CB20ACE90E00FEAD68 /* OTRN.swift */ = {isa = PBXFileReference; fileEncoding = 4; lastKnownFileType = sourcecode.swift; path = OTRN.swift; sourceTree = "<group>"; };
		9C6F95CC20ACE90E00FEAD68 /* OTPublisher.m */ = {isa = PBXFileReference; fileEncoding = 4; lastKnownFileType = sourcecode.c.objc; path = OTPublisher.m; sourceTree = "<group>"; };
		9C86849C218E2B5A004679BA /* EventUtils.swift */ = {isa = PBXFileReference; lastKnownFileType = sourcecode.swift; path = EventUtils.swift; sourceTree = "<group>"; };
		9C86850E218E3433004679BA /* Utils.swift */ = {isa = PBXFileReference; lastKnownFileType = sourcecode.swift; path = Utils.swift; sourceTree = "<group>"; };
/* End PBXFileReference section */

/* Begin PBXFrameworksBuildPhase section */
		9C6F95B120ACE8BE00FEAD68 /* Frameworks */ = {
			isa = PBXFrameworksBuildPhase;
			buildActionMask = 2147483647;
			files = (
			);
			runOnlyForDeploymentPostprocessing = 0;
		};
/* End PBXFrameworksBuildPhase section */

/* Begin PBXGroup section */
		9C6F95AB20ACE8BE00FEAD68 = {
			isa = PBXGroup;
			children = (
				9C6F95B620ACE8BE00FEAD68 /* OpenTokReactNative */,
				9C6F95B520ACE8BE00FEAD68 /* Products */,
			);
			sourceTree = "<group>";
		};
		9C6F95B520ACE8BE00FEAD68 /* Products */ = {
			isa = PBXGroup;
			children = (
				9C6F95B420ACE8BE00FEAD68 /* libOpenTokReactNative.a */,
			);
			name = Products;
			sourceTree = "<group>";
		};
		9C6F95B620ACE8BE00FEAD68 /* OpenTokReactNative */ = {
			isa = PBXGroup;
			children = (
				9C86849B218E2B31004679BA /* Utils */,
				9C6F95CA20ACE90E00FEAD68 /* OTPublisher.h */,
				9C6F95CC20ACE90E00FEAD68 /* OTPublisher.m */,
				9C6F95C520ACE90E00FEAD68 /* OTPublisherManager.swift */,
				9C6F95C320ACE90E00FEAD68 /* OTPublisherView.swift */,
				9C6F95CB20ACE90E00FEAD68 /* OTRN.swift */,
				9C6F95C920ACE90E00FEAD68 /* OTScreenCapturer.swift */,
				9C6F95C120ACE90D00FEAD68 /* OTSessionManager.m */,
				9C6F95C620ACE90E00FEAD68 /* OTSessionManager.swift */,
				9C6F95C820ACE90E00FEAD68 /* OTSubscriber.h */,
				9C6F95C420ACE90E00FEAD68 /* OTSubscriber.m */,
				9C6F95C220ACE90D00FEAD68 /* OTSubscriberManager.swift */,
				9C6F95C720ACE90E00FEAD68 /* OTSubscriberView.swift */,
				9C6F95B720ACE8BE00FEAD68 /* OpenTokReactNative.h */,
				9C6F95B820ACE8BE00FEAD68 /* OpenTokReactNative.m */,
				9C6F95C020ACE90D00FEAD68 /* OpenTokReactNative-Bridging-Header.h */,
			);
			path = OpenTokReactNative;
			sourceTree = "<group>";
		};
		9C86849B218E2B31004679BA /* Utils */ = {
			isa = PBXGroup;
			children = (
				9C86849C218E2B5A004679BA /* EventUtils.swift */,
				9C86850E218E3433004679BA /* Utils.swift */,
			);
			path = Utils;
			sourceTree = "<group>";
		};
/* End PBXGroup section */

/* Begin PBXNativeTarget section */
		9C6F95B320ACE8BE00FEAD68 /* OpenTokReactNative */ = {
			isa = PBXNativeTarget;
			buildConfigurationList = 9C6F95BD20ACE8BE00FEAD68 /* Build configuration list for PBXNativeTarget "OpenTokReactNative" */;
			buildPhases = (
				9C6F95B020ACE8BE00FEAD68 /* Sources */,
				9C6F95B120ACE8BE00FEAD68 /* Frameworks */,
				9C6F95B220ACE8BE00FEAD68 /* CopyFiles */,
			);
			buildRules = (
			);
			dependencies = (
			);
			name = OpenTokReactNative;
			productName = OpenTokReactNative;
			productReference = 9C6F95B420ACE8BE00FEAD68 /* libOpenTokReactNative.a */;
			productType = "com.apple.product-type.library.static";
		};
/* End PBXNativeTarget section */

/* Begin PBXProject section */
		9C6F95AC20ACE8BE00FEAD68 /* Project object */ = {
			isa = PBXProject;
			attributes = {
				LastUpgradeCheck = 0920;
				ORGANIZATIONNAME = "TokBox Inc";
				TargetAttributes = {
					9C6F95B320ACE8BE00FEAD68 = {
						CreatedOnToolsVersion = 9.2;
						LastSwiftMigration = 0920;
						ProvisioningStyle = Automatic;
					};
				};
			};
			buildConfigurationList = 9C6F95AF20ACE8BE00FEAD68 /* Build configuration list for PBXProject "OpenTokReactNative" */;
			compatibilityVersion = "Xcode 8.0";
			developmentRegion = en;
			hasScannedForEncodings = 0;
			knownRegions = (
				en,
			);
			mainGroup = 9C6F95AB20ACE8BE00FEAD68;
			productRefGroup = 9C6F95B520ACE8BE00FEAD68 /* Products */;
			projectDirPath = "";
			projectRoot = "";
			targets = (
				9C6F95B320ACE8BE00FEAD68 /* OpenTokReactNative */,
			);
		};
/* End PBXProject section */

/* Begin PBXSourcesBuildPhase section */
		9C6F95B020ACE8BE00FEAD68 /* Sources */ = {
			isa = PBXSourcesBuildPhase;
			buildActionMask = 2147483647;
			files = (
				9C6F95D020ACE90E00FEAD68 /* OTSubscriber.m in Sources */,
				9C6F95D120ACE90E00FEAD68 /* OTPublisherManager.swift in Sources */,
				9C86849D218E2B5A004679BA /* EventUtils.swift in Sources */,
				9C6F95D220ACE90E00FEAD68 /* OTSessionManager.swift in Sources */,
				9C6F95D320ACE90E00FEAD68 /* OTSubscriberView.swift in Sources */,
				9C86850F218E3433004679BA /* Utils.swift in Sources */,
				9C6F95CF20ACE90E00FEAD68 /* OTPublisherView.swift in Sources */,
				9C6F95CE20ACE90E00FEAD68 /* OTSubscriberManager.swift in Sources */,
				9C6F95B920ACE8BE00FEAD68 /* OpenTokReactNative.m in Sources */,
				9C6F95CD20ACE90E00FEAD68 /* OTSessionManager.m in Sources */,
				9C6F95D620ACE90E00FEAD68 /* OTPublisher.m in Sources */,
				9C6F95D520ACE90E00FEAD68 /* OTRN.swift in Sources */,
				9C6F95D420ACE90E00FEAD68 /* OTScreenCapturer.swift in Sources */,
			);
			runOnlyForDeploymentPostprocessing = 0;
		};
/* End PBXSourcesBuildPhase section */

/* Begin XCBuildConfiguration section */
		9C6F95BB20ACE8BE00FEAD68 /* Debug */ = {
			isa = XCBuildConfiguration;
			buildSettings = {
				ALWAYS_SEARCH_USER_PATHS = NO;
				CLANG_ANALYZER_NONNULL = YES;
				CLANG_ANALYZER_NUMBER_OBJECT_CONVERSION = YES_AGGRESSIVE;
				CLANG_CXX_LANGUAGE_STANDARD = "gnu++14";
				CLANG_CXX_LIBRARY = "libc++";
				CLANG_ENABLE_MODULES = YES;
				CLANG_ENABLE_OBJC_ARC = YES;
				CLANG_WARN_BLOCK_CAPTURE_AUTORELEASING = YES;
				CLANG_WARN_BOOL_CONVERSION = YES;
				CLANG_WARN_COMMA = YES;
				CLANG_WARN_CONSTANT_CONVERSION = YES;
				CLANG_WARN_DIRECT_OBJC_ISA_USAGE = YES_ERROR;
				CLANG_WARN_DOCUMENTATION_COMMENTS = YES;
				CLANG_WARN_EMPTY_BODY = YES;
				CLANG_WARN_ENUM_CONVERSION = YES;
				CLANG_WARN_INFINITE_RECURSION = YES;
				CLANG_WARN_INT_CONVERSION = YES;
				CLANG_WARN_NON_LITERAL_NULL_CONVERSION = YES;
				CLANG_WARN_OBJC_LITERAL_CONVERSION = YES;
				CLANG_WARN_OBJC_ROOT_CLASS = YES_ERROR;
				CLANG_WARN_RANGE_LOOP_ANALYSIS = YES;
				CLANG_WARN_STRICT_PROTOTYPES = YES;
				CLANG_WARN_SUSPICIOUS_MOVE = YES;
				CLANG_WARN_UNGUARDED_AVAILABILITY = YES_AGGRESSIVE;
				CLANG_WARN_UNREACHABLE_CODE = YES;
				CLANG_WARN__DUPLICATE_METHOD_MATCH = YES;
				CODE_SIGN_IDENTITY = "iPhone Developer";
				COPY_PHASE_STRIP = NO;
				DEBUG_INFORMATION_FORMAT = dwarf;
				ENABLE_STRICT_OBJC_MSGSEND = YES;
				ENABLE_TESTABILITY = YES;
				GCC_C_LANGUAGE_STANDARD = gnu11;
				GCC_DYNAMIC_NO_PIC = NO;
				GCC_NO_COMMON_BLOCKS = YES;
				GCC_OPTIMIZATION_LEVEL = 0;
				GCC_PREPROCESSOR_DEFINITIONS = (
					"DEBUG=1",
					"$(inherited)",
				);
				GCC_WARN_64_TO_32_BIT_CONVERSION = YES;
				GCC_WARN_ABOUT_RETURN_TYPE = YES_ERROR;
				GCC_WARN_UNDECLARED_SELECTOR = YES;
				GCC_WARN_UNINITIALIZED_AUTOS = YES_AGGRESSIVE;
				GCC_WARN_UNUSED_FUNCTION = YES;
				GCC_WARN_UNUSED_VARIABLE = YES;
				IPHONEOS_DEPLOYMENT_TARGET = 9.0;
				MTL_ENABLE_DEBUG_INFO = YES;
				ONLY_ACTIVE_ARCH = YES;
				SDKROOT = iphoneos;
			};
			name = Debug;
		};
		9C6F95BC20ACE8BE00FEAD68 /* Release */ = {
			isa = XCBuildConfiguration;
			buildSettings = {
				ALWAYS_SEARCH_USER_PATHS = NO;
				CLANG_ANALYZER_NONNULL = YES;
				CLANG_ANALYZER_NUMBER_OBJECT_CONVERSION = YES_AGGRESSIVE;
				CLANG_CXX_LANGUAGE_STANDARD = "gnu++14";
				CLANG_CXX_LIBRARY = "libc++";
				CLANG_ENABLE_MODULES = YES;
				CLANG_ENABLE_OBJC_ARC = YES;
				CLANG_WARN_BLOCK_CAPTURE_AUTORELEASING = YES;
				CLANG_WARN_BOOL_CONVERSION = YES;
				CLANG_WARN_COMMA = YES;
				CLANG_WARN_CONSTANT_CONVERSION = YES;
				CLANG_WARN_DIRECT_OBJC_ISA_USAGE = YES_ERROR;
				CLANG_WARN_DOCUMENTATION_COMMENTS = YES;
				CLANG_WARN_EMPTY_BODY = YES;
				CLANG_WARN_ENUM_CONVERSION = YES;
				CLANG_WARN_INFINITE_RECURSION = YES;
				CLANG_WARN_INT_CONVERSION = YES;
				CLANG_WARN_NON_LITERAL_NULL_CONVERSION = YES;
				CLANG_WARN_OBJC_LITERAL_CONVERSION = YES;
				CLANG_WARN_OBJC_ROOT_CLASS = YES_ERROR;
				CLANG_WARN_RANGE_LOOP_ANALYSIS = YES;
				CLANG_WARN_STRICT_PROTOTYPES = YES;
				CLANG_WARN_SUSPICIOUS_MOVE = YES;
				CLANG_WARN_UNGUARDED_AVAILABILITY = YES_AGGRESSIVE;
				CLANG_WARN_UNREACHABLE_CODE = YES;
				CLANG_WARN__DUPLICATE_METHOD_MATCH = YES;
				CODE_SIGN_IDENTITY = "iPhone Developer";
				COPY_PHASE_STRIP = NO;
				DEBUG_INFORMATION_FORMAT = "dwarf-with-dsym";
				ENABLE_NS_ASSERTIONS = NO;
				ENABLE_STRICT_OBJC_MSGSEND = YES;
				GCC_C_LANGUAGE_STANDARD = gnu11;
				GCC_NO_COMMON_BLOCKS = YES;
				GCC_WARN_64_TO_32_BIT_CONVERSION = YES;
				GCC_WARN_ABOUT_RETURN_TYPE = YES_ERROR;
				GCC_WARN_UNDECLARED_SELECTOR = YES;
				GCC_WARN_UNINITIALIZED_AUTOS = YES_AGGRESSIVE;
				GCC_WARN_UNUSED_FUNCTION = YES;
				GCC_WARN_UNUSED_VARIABLE = YES;
				IPHONEOS_DEPLOYMENT_TARGET = 9.0;
				MTL_ENABLE_DEBUG_INFO = NO;
				SDKROOT = iphoneos;
				VALIDATE_PRODUCT = YES;
			};
			name = Release;
		};
		9C6F95BE20ACE8BE00FEAD68 /* Debug */ = {
			isa = XCBuildConfiguration;
			buildSettings = {
				CLANG_ENABLE_MODULES = YES;
				CODE_SIGN_STYLE = Automatic;
				DEVELOPMENT_TEAM = Y6ZF2U3QJC;
				HEADER_SEARCH_PATHS = (
					"$(inherited)",
					"${SRCROOT}/../../../ios/Pods/Headers/Public/**",
				);
				LD_RUNPATH_SEARCH_PATHS = "$(inherited) @executable_path/Frameworks @loader_path/Frameworks";
				OTHER_LDFLAGS = "-ObjC";
				PRODUCT_NAME = "$(TARGET_NAME)";
				SKIP_INSTALL = YES;
				SWIFT_OBJC_BRIDGING_HEADER = "OpenTokReactNative/OpenTokReactNative-Bridging-Header.h";
				SWIFT_OPTIMIZATION_LEVEL = "-Onone";
				SWIFT_VERSION = 3.0;
				TARGETED_DEVICE_FAMILY = "1,2";
			};
			name = Debug;
		};
		9C6F95BF20ACE8BE00FEAD68 /* Release */ = {
			isa = XCBuildConfiguration;
			buildSettings = {
				CLANG_ENABLE_MODULES = YES;
				CODE_SIGN_STYLE = Automatic;
				DEVELOPMENT_TEAM = Y6ZF2U3QJC;
				HEADER_SEARCH_PATHS = (
					"$(inherited)",
					"${SRCROOT}/../../../ios/Pods/Headers/Public/**",
				);
				LD_RUNPATH_SEARCH_PATHS = "$(inherited) @executable_path/Frameworks @loader_path/Frameworks";
				OTHER_LDFLAGS = "-ObjC";
				PRODUCT_NAME = "$(TARGET_NAME)";
				SKIP_INSTALL = YES;
				SWIFT_OBJC_BRIDGING_HEADER = "OpenTokReactNative/OpenTokReactNative-Bridging-Header.h";
				SWIFT_VERSION = 3.0;
				TARGETED_DEVICE_FAMILY = "1,2";
			};
			name = Release;
		};
/* End XCBuildConfiguration section */

/* Begin XCConfigurationList section */
		9C6F95AF20ACE8BE00FEAD68 /* Build configuration list for PBXProject "OpenTokReactNative" */ = {
			isa = XCConfigurationList;
			buildConfigurations = (
				9C6F95BB20ACE8BE00FEAD68 /* Debug */,
				9C6F95BC20ACE8BE00FEAD68 /* Release */,
			);
			defaultConfigurationIsVisible = 0;
			defaultConfigurationName = Release;
		};
		9C6F95BD20ACE8BE00FEAD68 /* Build configuration list for PBXNativeTarget "OpenTokReactNative" */ = {
			isa = XCConfigurationList;
			buildConfigurations = (
				9C6F95BE20ACE8BE00FEAD68 /* Debug */,
				9C6F95BF20ACE8BE00FEAD68 /* Release */,
			);
			defaultConfigurationIsVisible = 0;
			defaultConfigurationName = Release;
		};
/* End XCConfigurationList section */
	};
	rootObject = 9C6F95AC20ACE8BE00FEAD68 /* Project object */;
}
